
Microsoft Visual Studio Solution File, Format Version 12.00
# Visual Studio 15
VisualStudioVersion = 15.0.27703.2042
MinimumVisualStudioVersion = 10.0.40219.1
Project("{FAE04EC0-301F-11D3-BF4B-00C04F79EFBC}") = "Loja.Web", "Loja.Web\Loja.Web.csproj", "{1B538740-C606-4F92-807E-1E989853BD08}"
EndProject
Global
	GlobalSection(SolutionConfigurationPlatforms) = preSolution
		Debug|Any CPU = Debug|Any CPU
		Release|Any CPU = Release|Any CPU
	EndGlobalSection
	GlobalSection(ProjectConfigurationPlatforms) = postSolution
		{1B538740-C606-4F92-807E-1E989853BD08}.Debug|Any CPU.ActiveCfg = Debug|Any CPU
		{1B538740-C606-4F92-807E-1E989853BD08}.Debug|Any CPU.Build.0 = Debug|Any CPU
		{1B538740-C606-4F92-807E-1E989853BD08}.Release|Any CPU.ActiveCfg = Release|Any CPU
		{1B538740-C606-4F92-807E-1E989853BD08}.Release|Any CPU.Build.0 = Release|Any CPU
	EndGlobalSection
	GlobalSection(SolutionProperties) = preSolution
		HideSolutionNode = FALSE
	EndGlobalSection
	GlobalSection(ExtensibilityGlobals) = postSolution
		SolutionGuid = {A548E28F-9031-459B-9759-D4FA77FDE91E}
	EndGlobalSection
EndGlobal
